{
    "name": "lit-bricks",
    "version": "1.0.0",
    "lockfileVersion": 2,
    "requires": true,
    "packages": {
        "": {
            "name": "lit-bricks",
            "version": "1.0.0",
            "license": "MIT",
            "dependencies": {
                "accordion-js": "^3.1.1",
                "embla-carousel": "^4.1.3",
                "micromodal": "^0.4.6"
            }
        },
        "node_modules/accordion-js": {
            "version": "3.1.1",
            "resolved": "https://registry.npmjs.org/accordion-js/-/accordion-js-3.1.1.tgz",
            "integrity": "sha512-Qd73L5pk8wzLbkv9cgpxiQHujn3DkuBI5ebFRh5Up5N/xiQxHyV3QVIbTLfE1Cvk+rZb9eymVlrn1pkgj7b4Iw=="
        },
        "node_modules/embla-carousel": {
            "version": "4.1.3",
            "resolved": "https://registry.npmjs.org/embla-carousel/-/embla-carousel-4.1.3.tgz",
            "integrity": "sha512-9mX8h8SVRi9szOB6RIcSZuAPl1NgWa1+2KRRXFDWUy0ER+6BOgYvVHmunNkjLM/yg9VElAxL5PNmc+YccKeFtQ=="
        },
        "node_modules/micromodal": {
            "version": "0.4.6",
            "resolved": "https://registry.npmjs.org/micromodal/-/micromodal-0.4.6.tgz",
            "integrity": "sha512-2VDso2a22jWPpqwuWT/4RomVpoU3Bl9qF9D01xzwlNp5UVsImeA0gY4nSpF44vqcQtQOtkiMUV9EZkAJSRxBsg==",
            "engines": {
                "node": ">=10"
            }
        }
    },
    "dependencies": {
        "accordion-js": {
            "version": "3.1.1",
            "resolved": "https://registry.npmjs.org/accordion-js/-/accordion-js-3.1.1.tgz",
            "integrity": "sha512-Qd73L5pk8wzLbkv9cgpxiQHujn3DkuBI5ebFRh5Up5N/xiQxHyV3QVIbTLfE1Cvk+rZb9eymVlrn1pkgj7b4Iw=="
        },
        "embla-carousel": {
            "version": "4.1.3",
            "resolved": "https://registry.npmjs.org/embla-carousel/-/embla-carousel-4.1.3.tgz",
            "integrity": "sha512-9mX8h8SVRi9szOB6RIcSZuAPl1NgWa1+2KRRXFDWUy0ER+6BOgYvVHmunNkjLM/yg9VElAxL5PNmc+YccKeFtQ=="
        },
        "micromodal": {
            "version": "0.4.6",
            "resolved": "https://registry.npmjs.org/micromodal/-/micromodal-0.4.6.tgz",
            "integrity": "sha512-2VDso2a22jWPpqwuWT/4RomVpoU3Bl9qF9D01xzwlNp5UVsImeA0gY4nSpF44vqcQtQOtkiMUV9EZkAJSRxBsg=="
        }
    }
}
