{
    "name": "lit-bricks",
    "version": "1.0.0",
    "lockfileVersion": 2,
    "requires": true,
    "packages": {
        "": {
            "name": "lit-bricks",
            "version": "1.0.0",
            "license": "MIT",
            "dependencies": {
                "@popperjs/core": "^2.9.0",
                "accordion-js": "^3.1.1",
                "body-scroll-lock": "^3.1.5",
                "embla-carousel": "^4.1.3",
                "micromodal": "^0.4.6"
            }
        },
        "node_modules/@popperjs/core": {
            "version": "2.9.0",
            "resolved": "https://registry.npmjs.org/@popperjs/core/-/core-2.9.0.tgz",
            "integrity": "sha512-wjtKehFAIARq2OxK8j3JrggNlEslJfNuSm2ArteIbKyRMts2g0a7KzTxfRVNUM+O0gnBJ2hNV8nWPOYBgI1sew==",
            "funding": {
                "type": "opencollective",
                "url": "https://opencollective.com/popperjs"
            }
        },
        "node_modules/accordion-js": {
            "version": "3.1.1",
            "resolved": "https://registry.npmjs.org/accordion-js/-/accordion-js-3.1.1.tgz",
            "integrity": "sha512-Qd73L5pk8wzLbkv9cgpxiQHujn3DkuBI5ebFRh5Up5N/xiQxHyV3QVIbTLfE1Cvk+rZb9eymVlrn1pkgj7b4Iw=="
        },
        "node_modules/body-scroll-lock": {
            "version": "3.1.5",
            "resolved": "https://registry.npmjs.org/body-scroll-lock/-/body-scroll-lock-3.1.5.tgz",
            "integrity": "sha512-Yi1Xaml0EvNA0OYWxXiYNqY24AfWkbA6w5vxE7GWxtKfzIbZM+Qw+aSmkgsbWzbHiy/RCSkUZBplVxTA+E4jJg=="
        },
        "node_modules/embla-carousel": {
            "version": "4.1.3",
            "resolved": "https://registry.npmjs.org/embla-carousel/-/embla-carousel-4.1.3.tgz",
            "integrity": "sha512-9mX8h8SVRi9szOB6RIcSZuAPl1NgWa1+2KRRXFDWUy0ER+6BOgYvVHmunNkjLM/yg9VElAxL5PNmc+YccKeFtQ=="
        },
        "node_modules/micromodal": {
            "version": "0.4.6",
            "resolved": "https://registry.npmjs.org/micromodal/-/micromodal-0.4.6.tgz",
            "integrity": "sha512-2VDso2a22jWPpqwuWT/4RomVpoU3Bl9qF9D01xzwlNp5UVsImeA0gY4nSpF44vqcQtQOtkiMUV9EZkAJSRxBsg==",
            "engines": {
                "node": ">=10"
            }
        }
    },
    "dependencies": {
        "@popperjs/core": {
            "version": "2.9.0",
            "resolved": "https://registry.npmjs.org/@popperjs/core/-/core-2.9.0.tgz",
            "integrity": "sha512-wjtKehFAIARq2OxK8j3JrggNlEslJfNuSm2ArteIbKyRMts2g0a7KzTxfRVNUM+O0gnBJ2hNV8nWPOYBgI1sew=="
        },
        "accordion-js": {
            "version": "3.1.1",
            "resolved": "https://registry.npmjs.org/accordion-js/-/accordion-js-3.1.1.tgz",
            "integrity": "sha512-Qd73L5pk8wzLbkv9cgpxiQHujn3DkuBI5ebFRh5Up5N/xiQxHyV3QVIbTLfE1Cvk+rZb9eymVlrn1pkgj7b4Iw=="
        },
        "body-scroll-lock": {
            "version": "3.1.5",
            "resolved": "https://registry.npmjs.org/body-scroll-lock/-/body-scroll-lock-3.1.5.tgz",
            "integrity": "sha512-Yi1Xaml0EvNA0OYWxXiYNqY24AfWkbA6w5vxE7GWxtKfzIbZM+Qw+aSmkgsbWzbHiy/RCSkUZBplVxTA+E4jJg=="
        },
        "embla-carousel": {
            "version": "4.1.3",
            "resolved": "https://registry.npmjs.org/embla-carousel/-/embla-carousel-4.1.3.tgz",
            "integrity": "sha512-9mX8h8SVRi9szOB6RIcSZuAPl1NgWa1+2KRRXFDWUy0ER+6BOgYvVHmunNkjLM/yg9VElAxL5PNmc+YccKeFtQ=="
        },
        "micromodal": {
            "version": "0.4.6",
            "resolved": "https://registry.npmjs.org/micromodal/-/micromodal-0.4.6.tgz",
            "integrity": "sha512-2VDso2a22jWPpqwuWT/4RomVpoU3Bl9qF9D01xzwlNp5UVsImeA0gY4nSpF44vqcQtQOtkiMUV9EZkAJSRxBsg=="
        }
    }
}
